{
  "version": 4,
  "terraform_version": "1.5.7",
  "serial": 84,
  "lineage": "c8cf0ab1-d475-9445-d57c-eb0c48457d9a",
  "outputs": {},
  "resources": [
    {
      "mode": "data",
      "type": "archive_file",
      "name": "zip_the_python_code",
      "provider": "provider[\"registry.terraform.io/hashicorp/archive\"]",
      "instances": [
        {
          "schema_version": 0,
          "attributes": {
            "exclude_symlink_directories": null,
            "excludes": null,
            "id": "d76d3e43a79a26aaf013d48abb34ac8333698fea",
            "output_base64sha256": "dcWK3NC8TwNieGYFbgbNqV/Zp8u5x96G1ZsxwPdnWEI=",
            "output_base64sha512": "A9XeRWEkgNTWXRcZ+kqWEzyHSRCnVNMKZPsCd14U6rBxEmCyBcZsT85J79uhcmr4fkb6iSyA36wVlXtIU2q40w==",
            "output_file_mode": null,
            "output_md5": "eee94d8d57437d2d2d2ad81894cecc61",
            "output_path": "./python/ntt-python.zip",
            "output_sha": "d76d3e43a79a26aaf013d48abb34ac8333698fea",
            "output_sha256": "75c58adcd0bc4f03627866056e06cda95fd9a7cbb9c7de86d59b31c0f7675842",
            "output_sha512": "03d5de45612480d4d65d1719fa4a96133c874910a754d30a64fb02775e14eab0711260b205c66c4fce49efdba1726af87e46fa892c80dfac15957b48536ab8d3",
            "output_size": 992,
            "source": [],
            "source_content": null,
            "source_content_filename": null,
            "source_dir": "./python/",
            "source_file": null,
            "type": "zip"
          },
          "sensitive_attributes": []
        }
      ]
    },
    {
      "mode": "managed",
      "type": "aws_api_gateway_integration",
      "name": "ntt_lambda_subscription_integration",
      "provider": "provider[\"registry.terraform.io/hashicorp/aws\"]",
      "instances": [
        {
          "schema_version": 0,
          "attributes": {
            "cache_key_parameters": [],
            "cache_namespace": "lbravodkbb",
            "connection_id": "",
            "connection_type": "INTERNET",
            "content_handling": "",
            "credentials": "",
            "http_method": "POST",
            "id": "agi-gdweb6ttda-lbravodkbb-POST",
            "integration_http_method": "POST",
            "passthrough_behavior": "WHEN_NO_MATCH",
            "request_parameters": {},
            "request_templates": {},
            "resource_id": "lbravodkbb",
            "rest_api_id": "gdweb6ttda",
            "timeout_milliseconds": 29000,
            "tls_config": [],
            "type": "AWS_PROXY",
            "uri": "arn:aws:apigateway:eu-north-1:lambda:path/2015-03-31/functions/arn:aws:lambda:eu-north-1:929700548940:function:ntt_lambda_function_mailing_list_subscribe/invocations"
          },
          "sensitive_attributes": [],
          "private": "bnVsbA==",
          "dependencies": [
            "aws_api_gateway_method.ntt_post_method",
            "aws_api_gateway_request_validator.ntt_validator",
            "aws_api_gateway_rest_api.ntt_api",
            "aws_iam_policy.ntt_iam_policy_for_lambda",
            "aws_iam_role.ntt_lambda_role",
            "aws_iam_role_policy_attachment.attach_iam_policy_to_iam_role",
            "aws_lambda_function.ntt_lambda_subscription"
          ]
        }
      ]
    },
    {
      "mode": "managed",
      "type": "aws_api_gateway_method",
      "name": "ntt_post_method",
      "provider": "provider[\"registry.terraform.io/hashicorp/aws\"]",
      "instances": [
        {
          "schema_version": 0,
          "attributes": {
            "api_key_required": false,
            "authorization": "NONE",
            "authorization_scopes": [],
            "authorizer_id": "",
            "http_method": "POST",
            "id": "agm-gdweb6ttda-lbravodkbb-POST",
            "operation_name": "",
            "request_models": {},
            "request_parameters": {
              "method.request.path.proxy": true,
              "method.request.querystring.email": true,
              "method.request.querystring.name": true
            },
            "request_validator_id": "t7q4gb",
            "resource_id": "lbravodkbb",
            "rest_api_id": "gdweb6ttda"
          },
          "sensitive_attributes": [],
          "private": "bnVsbA==",
          "dependencies": [
            "aws_api_gateway_request_validator.ntt_validator",
            "aws_api_gateway_rest_api.ntt_api"
          ]
        }
      ]
    },
    {
      "mode": "managed",
      "type": "aws_api_gateway_method_response",
      "name": "ntt_response_200",
      "provider": "provider[\"registry.terraform.io/hashicorp/aws\"]",
      "instances": [
        {
          "schema_version": 0,
          "attributes": {
            "http_method": "POST",
            "id": "agmr-gdweb6ttda-lbravodkbb-POST-200",
            "resource_id": "lbravodkbb",
            "response_models": {
              "application/json": "Empty"
            },
            "response_parameters": {
              "method.response.header.Access-Control-Allow-Origin": false
            },
            "rest_api_id": "gdweb6ttda",
            "status_code": "200"
          },
          "sensitive_attributes": [],
          "private": "bnVsbA==",
          "dependencies": [
            "aws_api_gateway_method.ntt_post_method",
            "aws_api_gateway_request_validator.ntt_validator",
            "aws_api_gateway_rest_api.ntt_api"
          ]
        }
      ]
    },
    {
      "mode": "managed",
      "type": "aws_api_gateway_request_validator",
      "name": "ntt_validator",
      "provider": "provider[\"registry.terraform.io/hashicorp/aws\"]",
      "instances": [
        {
          "schema_version": 0,
          "attributes": {
            "id": "t7q4gb",
            "name": "NTT Validate query string parameters and headers",
            "rest_api_id": "gdweb6ttda",
            "validate_request_body": false,
            "validate_request_parameters": true
          },
          "sensitive_attributes": [],
          "private": "bnVsbA==",
          "dependencies": [
            "aws_api_gateway_rest_api.ntt_api"
          ]
        }
      ]
    },
    {
      "mode": "managed",
      "type": "aws_api_gateway_rest_api",
      "name": "ntt_api",
      "provider": "provider[\"registry.terraform.io/hashicorp/aws\"]",
      "instances": [
        {
          "schema_version": 0,
          "attributes": {
            "api_key_source": "HEADER",
            "arn": "arn:aws:apigateway:eu-north-1::/restapis/gdweb6ttda",
            "binary_media_types": [],
            "body": null,
            "created_date": "2023-09-24T17:11:17Z",
            "description": "Proxy to handle requests to our NTT API",
            "disable_execute_api_endpoint": false,
            "endpoint_configuration": [
              {
                "types": [
                  "REGIONAL"
                ],
                "vpc_endpoint_ids": []
              }
            ],
            "execution_arn": "arn:aws:execute-api:eu-north-1:929700548940:gdweb6ttda",
            "fail_on_warnings": null,
            "id": "gdweb6ttda",
            "minimum_compression_size": "",
            "name": "ntt_api_gateway",
            "parameters": null,
            "policy": "",
            "put_rest_api_mode": null,
            "root_resource_id": "lbravodkbb",
            "tags": {
              "business_unit": "NTT"
            },
            "tags_all": {
              "business_unit": "NTT"
            }
          },
          "sensitive_attributes": [],
          "private": "bnVsbA=="
        }
      ]
    },
    {
      "mode": "managed",
      "type": "aws_dynamodb_table",
      "name": "ntt_maillist",
      "provider": "provider[\"registry.terraform.io/hashicorp/aws\"]",
      "instances": [
        {
          "schema_version": 1,
          "attributes": {
            "arn": "arn:aws:dynamodb:eu-north-1:929700548940:table/ntt_maillist",
            "attribute": [
              {
                "name": "email",
                "type": "S"
              }
            ],
            "billing_mode": "PROVISIONED",
            "deletion_protection_enabled": false,
            "global_secondary_index": [],
            "hash_key": "email",
            "id": "ntt_maillist",
            "local_secondary_index": [],
            "name": "ntt_maillist",
            "point_in_time_recovery": [
              {
                "enabled": false
              }
            ],
            "range_key": null,
            "read_capacity": 1,
            "replica": [],
            "restore_date_time": null,
            "restore_source_name": null,
            "restore_to_latest_time": null,
            "server_side_encryption": [],
            "stream_arn": "",
            "stream_enabled": false,
            "stream_label": "",
            "stream_view_type": "",
            "table_class": "STANDARD",
            "tags": {
              "Environment": "production",
              "business_unit": "NTT"
            },
            "tags_all": {
              "Environment": "production",
              "business_unit": "NTT"
            },
            "timeouts": null,
            "ttl": [
              {
                "attribute_name": "",
                "enabled": false
              }
            ],
            "write_capacity": 1
          },
          "sensitive_attributes": [],
          "private": "eyJlMmJmYjczMC1lY2FhLTExZTYtOGY4OC0zNDM2M2JjN2M0YzAiOnsiY3JlYXRlIjoxODAwMDAwMDAwMDAwLCJkZWxldGUiOjYwMDAwMDAwMDAwMCwidXBkYXRlIjozNjAwMDAwMDAwMDAwfSwic2NoZW1hX3ZlcnNpb24iOiIxIn0="
        }
      ]
    },
    {
      "mode": "managed",
      "type": "aws_iam_policy",
      "name": "ntt_iam_policy_for_lambda",
      "provider": "provider[\"registry.terraform.io/hashicorp/aws\"]",
      "instances": [
        {
          "schema_version": 0,
          "attributes": {
            "arn": "arn:aws:iam::929700548940:policy/aws_iam_policy_for_terraform_aws_lambda_role",
            "description": "AWS IAM Policy for managing aws lambda role",
            "id": "arn:aws:iam::929700548940:policy/aws_iam_policy_for_terraform_aws_lambda_role",
            "name": "aws_iam_policy_for_terraform_aws_lambda_role",
            "name_prefix": "",
            "path": "/",
            "policy": "{\"Statement\":[{\"Action\":[\"logs:CreateLogGroup\",\"logs:CreateLogStream\",\"logs:PutLogEvents\"],\"Effect\":\"Allow\",\"Resource\":\"arn:aws:logs:*:*:*\"}],\"Version\":\"2012-10-17\"}",
            "policy_id": "ANPA5Q5TYSFGMWXXXAYGI",
            "tags": {},
            "tags_all": {}
          },
          "sensitive_attributes": [],
          "private": "bnVsbA=="
        }
      ]
    },
    {
      "mode": "managed",
      "type": "aws_iam_role",
      "name": "ntt_lambda_role",
      "provider": "provider[\"registry.terraform.io/hashicorp/aws\"]",
      "instances": [
        {
          "schema_version": 0,
          "attributes": {
            "arn": "arn:aws:iam::929700548940:role/NTT_lambda_mailing_list_subscribe",
            "assume_role_policy": "{\"Statement\":[{\"Action\":\"sts:AssumeRole\",\"Effect\":\"Allow\",\"Principal\":{\"Service\":\"lambda.amazonaws.com\"},\"Sid\":\"\"}],\"Version\":\"2012-10-17\"}",
            "create_date": "2023-09-24T16:36:55Z",
            "description": "",
            "force_detach_policies": false,
            "id": "NTT_lambda_mailing_list_subscribe",
            "inline_policy": [],
            "managed_policy_arns": [
              "arn:aws:iam::929700548940:policy/aws_iam_policy_for_terraform_aws_lambda_role"
            ],
            "max_session_duration": 3600,
            "name": "NTT_lambda_mailing_list_subscribe",
            "name_prefix": "",
            "path": "/",
            "permissions_boundary": null,
            "tags": {
              "business_unit": "NTT"
            },
            "tags_all": {
              "business_unit": "NTT"
            },
            "unique_id": "AROA5Q5TYSFGFFTPHR76A"
          },
          "sensitive_attributes": [],
          "private": "bnVsbA=="
        }
      ]
    },
    {
      "mode": "managed",
      "type": "aws_iam_role_policy_attachment",
      "name": "attach_iam_policy_to_iam_role",
      "provider": "provider[\"registry.terraform.io/hashicorp/aws\"]",
      "instances": [
        {
          "schema_version": 0,
          "attributes": {
            "id": "NTT_lambda_mailing_list_subscribe-20230924163655804600000001",
            "policy_arn": "arn:aws:iam::929700548940:policy/aws_iam_policy_for_terraform_aws_lambda_role",
            "role": "NTT_lambda_mailing_list_subscribe"
          },
          "sensitive_attributes": [],
          "private": "bnVsbA==",
          "dependencies": [
            "aws_iam_policy.ntt_iam_policy_for_lambda",
            "aws_iam_role.ntt_lambda_role"
          ]
        }
      ]
    },
    {
      "mode": "managed",
      "type": "aws_lambda_function",
      "name": "ntt_lambda_subscription",
      "provider": "provider[\"registry.terraform.io/hashicorp/aws\"]",
      "instances": [
        {
          "schema_version": 0,
          "attributes": {
            "architectures": [
              "x86_64"
            ],
            "arn": "arn:aws:lambda:eu-north-1:929700548940:function:ntt_lambda_function_mailing_list_subscribe",
            "code_signing_config_arn": "",
            "dead_letter_config": [],
            "description": "",
            "environment": [],
            "ephemeral_storage": [
              {
                "size": 512
              }
            ],
            "file_system_config": [],
            "filename": "./python/ntt-python.zip",
            "function_name": "ntt_lambda_function_mailing_list_subscribe",
            "handler": "subscription.lambda_handler",
            "id": "ntt_lambda_function_mailing_list_subscribe",
            "image_config": [],
            "image_uri": "",
            "invoke_arn": "arn:aws:apigateway:eu-north-1:lambda:path/2015-03-31/functions/arn:aws:lambda:eu-north-1:929700548940:function:ntt_lambda_function_mailing_list_subscribe/invocations",
            "kms_key_arn": "",
            "last_modified": "2023-09-24T17:10:12.919+0000",
            "layers": [],
            "memory_size": 128,
            "package_type": "Zip",
            "publish": false,
            "qualified_arn": "arn:aws:lambda:eu-north-1:929700548940:function:ntt_lambda_function_mailing_list_subscribe:$LATEST",
            "qualified_invoke_arn": "arn:aws:apigateway:eu-north-1:lambda:path/2015-03-31/functions/arn:aws:lambda:eu-north-1:929700548940:function:ntt_lambda_function_mailing_list_subscribe:$LATEST/invocations",
            "replace_security_groups_on_destroy": null,
            "replacement_security_group_ids": null,
            "reserved_concurrent_executions": -1,
            "role": "arn:aws:iam::929700548940:role/NTT_lambda_mailing_list_subscribe",
            "runtime": "python3.11",
            "s3_bucket": null,
            "s3_key": null,
            "s3_object_version": null,
            "signing_job_arn": "",
            "signing_profile_version_arn": "",
            "skip_destroy": false,
            "snap_start": [],
            "source_code_hash": "dcWK3NC8TwNieGYFbgbNqV/Zp8u5x96G1ZsxwPdnWEI=",
            "source_code_size": 992,
            "tags": {
              "business_unit": "NTT"
            },
            "tags_all": {
              "business_unit": "NTT"
            },
            "timeout": 3,
            "timeouts": null,
            "tracing_config": [
              {
                "mode": "PassThrough"
              }
            ],
            "version": "$LATEST",
            "vpc_config": []
          },
          "sensitive_attributes": [],
          "private": "eyJlMmJmYjczMC1lY2FhLTExZTYtOGY4OC0zNDM2M2JjN2M0YzAiOnsiY3JlYXRlIjo2MDAwMDAwMDAwMDAsImRlbGV0ZSI6NjAwMDAwMDAwMDAwLCJ1cGRhdGUiOjYwMDAwMDAwMDAwMH19",
          "dependencies": [
            "aws_iam_policy.ntt_iam_policy_for_lambda",
            "aws_iam_role.ntt_lambda_role",
            "aws_iam_role_policy_attachment.attach_iam_policy_to_iam_role"
          ]
        }
      ]
    }
  ],
  "check_results": null
}
